
Microsoft Visual Studio Solution File, Format Version 12.00
# Visual Studio 15
VisualStudioVersion = 15.0.28010.2026
MinimumVisualStudioVersion = 10.0.40219.1
Project("{FAE04EC0-301F-11D3-BF4B-00C04F79EFBC}") = "TestCustomAttribute", "TestCustomAttribute\TestCustomAttribute.csproj", "{B0D7B154-AF28-4B94-B297-104A7DD2C3F2}"
EndProject
Global
	GlobalSection(SolutionConfigurationPlatforms) = preSolution
		Debug|Any CPU = Debug|Any CPU
		Release|Any CPU = Release|Any CPU
	EndGlobalSection
	GlobalSection(ProjectConfigurationPlatforms) = postSolution
		{B0D7B154-AF28-4B94-B297-104A7DD2C3F2}.Debug|Any CPU.ActiveCfg = Debug|Any CPU
		{B0D7B154-AF28-4B94-B297-104A7DD2C3F2}.Debug|Any CPU.Build.0 = Debug|Any CPU
		{B0D7B154-AF28-4B94-B297-104A7DD2C3F2}.Release|Any CPU.ActiveCfg = Release|Any CPU
		{B0D7B154-AF28-4B94-B297-104A7DD2C3F2}.Release|Any CPU.Build.0 = Release|Any CPU
	EndGlobalSection
	GlobalSection(SolutionProperties) = preSolution
		HideSolutionNode = FALSE
	EndGlobalSection
	GlobalSection(ExtensibilityGlobals) = postSolution
		SolutionGuid = {E4818628-23C2-4818-B6D8-A8DDBED3C0BD}
	EndGlobalSection
EndGlobal
