
Microsoft Visual Studio Solution File, Format Version 12.00
# Visual Studio 15
VisualStudioVersion = 15.0.28010.2026
MinimumVisualStudioVersion = 10.0.40219.1
Project("{FAE04EC0-301F-11D3-BF4B-00C04F79EFBC}") = "TestTime", "TestTime\TestTime.csproj", "{75269BE2-835F-4AA9-B7C9-E8BD5EE9C4D5}"
EndProject
Project("{FAE04EC0-301F-11D3-BF4B-00C04F79EFBC}") = "TestTimeTests", "TestTimeTests\TestTimeTests.csproj", "{C0469286-3983-455E-BE08-C832AFB731C3}"
EndProject
Global
	GlobalSection(SolutionConfigurationPlatforms) = preSolution
		Debug|Any CPU = Debug|Any CPU
		Release|Any CPU = Release|Any CPU
	EndGlobalSection
	GlobalSection(ProjectConfigurationPlatforms) = postSolution
		{75269BE2-835F-4AA9-B7C9-E8BD5EE9C4D5}.Debug|Any CPU.ActiveCfg = Debug|Any CPU
		{75269BE2-835F-4AA9-B7C9-E8BD5EE9C4D5}.Debug|Any CPU.Build.0 = Debug|Any CPU
		{75269BE2-835F-4AA9-B7C9-E8BD5EE9C4D5}.Release|Any CPU.ActiveCfg = Release|Any CPU
		{75269BE2-835F-4AA9-B7C9-E8BD5EE9C4D5}.Release|Any CPU.Build.0 = Release|Any CPU
		{C0469286-3983-455E-BE08-C832AFB731C3}.Debug|Any CPU.ActiveCfg = Debug|Any CPU
		{C0469286-3983-455E-BE08-C832AFB731C3}.Debug|Any CPU.Build.0 = Debug|Any CPU
		{C0469286-3983-455E-BE08-C832AFB731C3}.Release|Any CPU.ActiveCfg = Release|Any CPU
		{C0469286-3983-455E-BE08-C832AFB731C3}.Release|Any CPU.Build.0 = Release|Any CPU
	EndGlobalSection
	GlobalSection(SolutionProperties) = preSolution
		HideSolutionNode = FALSE
	EndGlobalSection
	GlobalSection(ExtensibilityGlobals) = postSolution
		SolutionGuid = {D97AE3EA-B176-4F7B-844B-142A3A27D575}
	EndGlobalSection
EndGlobal
