
Microsoft Visual Studio Solution File, Format Version 12.00
# Visual Studio 15
VisualStudioVersion = 15.0.28010.2026
MinimumVisualStudioVersion = 10.0.40219.1
Project("{FAE04EC0-301F-11D3-BF4B-00C04F79EFBC}") = "TestSystemCGeneric", "TestSystemCGeneric\TestSystemCGeneric.csproj", "{063D40FC-9988-42CA-9299-5EB2B640BB45}"
EndProject
Project("{FAE04EC0-301F-11D3-BF4B-00C04F79EFBC}") = "TestSystemGenericTests", "TestSystemGenericTests\TestSystemGenericTests.csproj", "{FE09D1B7-D826-4BD1-979C-AA1A67F8FF8A}"
EndProject
Global
	GlobalSection(SolutionConfigurationPlatforms) = preSolution
		Debug|Any CPU = Debug|Any CPU
		Release|Any CPU = Release|Any CPU
	EndGlobalSection
	GlobalSection(ProjectConfigurationPlatforms) = postSolution
		{063D40FC-9988-42CA-9299-5EB2B640BB45}.Debug|Any CPU.ActiveCfg = Debug|Any CPU
		{063D40FC-9988-42CA-9299-5EB2B640BB45}.Debug|Any CPU.Build.0 = Debug|Any CPU
		{063D40FC-9988-42CA-9299-5EB2B640BB45}.Release|Any CPU.ActiveCfg = Release|Any CPU
		{063D40FC-9988-42CA-9299-5EB2B640BB45}.Release|Any CPU.Build.0 = Release|Any CPU
		{FE09D1B7-D826-4BD1-979C-AA1A67F8FF8A}.Debug|Any CPU.ActiveCfg = Debug|Any CPU
		{FE09D1B7-D826-4BD1-979C-AA1A67F8FF8A}.Debug|Any CPU.Build.0 = Debug|Any CPU
		{FE09D1B7-D826-4BD1-979C-AA1A67F8FF8A}.Release|Any CPU.ActiveCfg = Release|Any CPU
		{FE09D1B7-D826-4BD1-979C-AA1A67F8FF8A}.Release|Any CPU.Build.0 = Release|Any CPU
	EndGlobalSection
	GlobalSection(SolutionProperties) = preSolution
		HideSolutionNode = FALSE
	EndGlobalSection
	GlobalSection(ExtensibilityGlobals) = postSolution
		SolutionGuid = {1C00A550-D762-4405-ACE1-37CB966B6E51}
	EndGlobalSection
EndGlobal
